
Microsoft Visual Studio Solution File, Format Version 12.00
Project("{FAE04EC0-301F-11D3-BF4B-00C04F79EFBC}") = "TagGame.Api", "TagGame.Api\TagGame.Api.csproj", "{834E8DC6-CA5C-4341-B8D5-423D8E5F2696}"
EndProject
Project("{FAE04EC0-301F-11D3-BF4B-00C04F79EFBC}") = "TagGame.Api.Core", "TagGame.Api.Core\TagGame.Api.Core.csproj", "{57F05266-5F89-42D0-A265-D616B74711BC}"
EndProject
Project("{FAE04EC0-301F-11D3-BF4B-00C04F79EFBC}") = "TagGame.Client", "TagGame.Client\TagGame.Client.csproj", "{BE02AACD-E419-4E81-90AC-0AF948C045BB}"
EndProject
Project("{FAE04EC0-301F-11D3-BF4B-00C04F79EFBC}") = "TagGame.Client.Core", "TagGame.Client.Core\TagGame.Client.Core.csproj", "{7AE8FE82-BE8B-4D9E-946D-50BBE96D10DB}"
EndProject
Project("{FAE04EC0-301F-11D3-BF4B-00C04F79EFBC}") = "TagGame.Shared", "TagGame.Shared\TagGame.Shared.csproj", "{F4150C85-1536-447A-8858-EA94BDAC2B49}"
EndProject
Project("{2150E333-8FDC-42A3-9474-1A3956D46DE8}") = "src", "src", "{A96FB0F2-97BD-45C9-9F23-9FE8FDB44F2C}"
EndProject
Project("{2150E333-8FDC-42A3-9474-1A3956D46DE8}") = "tests", "tests", "{D534AA30-FFBA-4106-851E-0BD4B45151A3}"
EndProject
Project("{FAE04EC0-301F-11D3-BF4B-00C04F79EFBC}") = "TagGame.Api.Tests", "TagGame.Api.Tests\TagGame.Api.Tests.csproj", "{A8BA04AC-AEDB-4E7C-823F-CEDAB97D8647}"
EndProject
Project("{FAE04EC0-301F-11D3-BF4B-00C04F79EFBC}") = "TagGame.Client.Tests", "TagGame.Client.Tests\TagGame.Client.Tests.csproj", "{5D67390E-6E06-401E-972C-CF4AA5CE3F3B}"
EndProject
Global
	GlobalSection(SolutionConfigurationPlatforms) = preSolution
		Debug|Any CPU = Debug|Any CPU
		Release|Any CPU = Release|Any CPU
	EndGlobalSection
	GlobalSection(ProjectConfigurationPlatforms) = postSolution
		{834E8DC6-CA5C-4341-B8D5-423D8E5F2696}.Debug|Any CPU.ActiveCfg = Debug|Any CPU
		{834E8DC6-CA5C-4341-B8D5-423D8E5F2696}.Debug|Any CPU.Build.0 = Debug|Any CPU
		{834E8DC6-CA5C-4341-B8D5-423D8E5F2696}.Release|Any CPU.ActiveCfg = Release|Any CPU
		{834E8DC6-CA5C-4341-B8D5-423D8E5F2696}.Release|Any CPU.Build.0 = Release|Any CPU
		{57F05266-5F89-42D0-A265-D616B74711BC}.Debug|Any CPU.ActiveCfg = Debug|Any CPU
		{57F05266-5F89-42D0-A265-D616B74711BC}.Debug|Any CPU.Build.0 = Debug|Any CPU
		{57F05266-5F89-42D0-A265-D616B74711BC}.Release|Any CPU.ActiveCfg = Release|Any CPU
		{57F05266-5F89-42D0-A265-D616B74711BC}.Release|Any CPU.Build.0 = Release|Any CPU
		{BE02AACD-E419-4E81-90AC-0AF948C045BB}.Debug|Any CPU.ActiveCfg = Debug|Any CPU
		{BE02AACD-E419-4E81-90AC-0AF948C045BB}.Debug|Any CPU.Build.0 = Debug|Any CPU
		{BE02AACD-E419-4E81-90AC-0AF948C045BB}.Release|Any CPU.ActiveCfg = Release|Any CPU
		{BE02AACD-E419-4E81-90AC-0AF948C045BB}.Release|Any CPU.Build.0 = Release|Any CPU
		{7AE8FE82-BE8B-4D9E-946D-50BBE96D10DB}.Debug|Any CPU.ActiveCfg = Debug|Any CPU
		{7AE8FE82-BE8B-4D9E-946D-50BBE96D10DB}.Debug|Any CPU.Build.0 = Debug|Any CPU
		{7AE8FE82-BE8B-4D9E-946D-50BBE96D10DB}.Release|Any CPU.ActiveCfg = Release|Any CPU
		{7AE8FE82-BE8B-4D9E-946D-50BBE96D10DB}.Release|Any CPU.Build.0 = Release|Any CPU
		{F4150C85-1536-447A-8858-EA94BDAC2B49}.Debug|Any CPU.ActiveCfg = Debug|Any CPU
		{F4150C85-1536-447A-8858-EA94BDAC2B49}.Debug|Any CPU.Build.0 = Debug|Any CPU
		{F4150C85-1536-447A-8858-EA94BDAC2B49}.Release|Any CPU.ActiveCfg = Release|Any CPU
		{F4150C85-1536-447A-8858-EA94BDAC2B49}.Release|Any CPU.Build.0 = Release|Any CPU
		{A8BA04AC-AEDB-4E7C-823F-CEDAB97D8647}.Debug|Any CPU.ActiveCfg = Debug|Any CPU
		{A8BA04AC-AEDB-4E7C-823F-CEDAB97D8647}.Debug|Any CPU.Build.0 = Debug|Any CPU
		{A8BA04AC-AEDB-4E7C-823F-CEDAB97D8647}.Release|Any CPU.ActiveCfg = Release|Any CPU
		{A8BA04AC-AEDB-4E7C-823F-CEDAB97D8647}.Release|Any CPU.Build.0 = Release|Any CPU
		{5D67390E-6E06-401E-972C-CF4AA5CE3F3B}.Debug|Any CPU.ActiveCfg = Debug|Any CPU
		{5D67390E-6E06-401E-972C-CF4AA5CE3F3B}.Debug|Any CPU.Build.0 = Debug|Any CPU
		{5D67390E-6E06-401E-972C-CF4AA5CE3F3B}.Release|Any CPU.ActiveCfg = Release|Any CPU
		{5D67390E-6E06-401E-972C-CF4AA5CE3F3B}.Release|Any CPU.Build.0 = Release|Any CPU
	EndGlobalSection
	GlobalSection(NestedProjects) = preSolution
		{834E8DC6-CA5C-4341-B8D5-423D8E5F2696} = {A96FB0F2-97BD-45C9-9F23-9FE8FDB44F2C}
		{57F05266-5F89-42D0-A265-D616B74711BC} = {A96FB0F2-97BD-45C9-9F23-9FE8FDB44F2C}
		{BE02AACD-E419-4E81-90AC-0AF948C045BB} = {A96FB0F2-97BD-45C9-9F23-9FE8FDB44F2C}
		{7AE8FE82-BE8B-4D9E-946D-50BBE96D10DB} = {A96FB0F2-97BD-45C9-9F23-9FE8FDB44F2C}
		{F4150C85-1536-447A-8858-EA94BDAC2B49} = {A96FB0F2-97BD-45C9-9F23-9FE8FDB44F2C}
		{A8BA04AC-AEDB-4E7C-823F-CEDAB97D8647} = {D534AA30-FFBA-4106-851E-0BD4B45151A3}
		{5D67390E-6E06-401E-972C-CF4AA5CE3F3B} = {D534AA30-FFBA-4106-851E-0BD4B45151A3}
	EndGlobalSection
EndGlobal
